github.com/adrg/xdg v0.5.3 h1:xRnxJXne7+oWDatRhR1JLnvuccuIeCoBu2rtuLqQB78=
github.com/adrg/xdg v0.5.3/go.mod h1:nlTsY+NNiCBGCK2tpm09vRqfVzrc2fLmXGpBLF0zlTQ=
github.com/aws/aws-sdk-go-v2 v1.41.0 h1:tNvqh1s+v0vFYdA1xq0aOJH+Y5cRyZ5upu6roPgPKd4=
github.com/aws/aws-sdk-go-v2 v1.41.0/go.mod h1:MayyLB8y+buD9hZqkCW3kX1AKq07Y5pXxtgB+rRFhz0=
github.com/aws/aws-sdk-go-v2/aws/protocol/eventstream v1.7.4 h1:489krEF9xIGkOaaX3CE/Be2uWjiXrkCH6gUX+bZA/BU=
github.com/aws/aws-sdk-go-v2/aws/protocol/eventstream v1.7.4/go.mod h1:IOAPF6oT9KCsceNTvvYMNHy0+kMF8akOjeDvPENWxp4=
github.com/aws/aws-sdk-go-v2/config v1.31.20 h1:/jWF4Wu90EhKCgjTdy1DGxcbcbNrjfBHvksEL79tfQc=
github.com/aws/aws-sdk-go-v2/config v1.31.20/go.mod h1:95Hh1Tc5VYKL9NJ7tAkDcqeKt+MCXQB1hQZaRdJIZE0=
github.com/aws/aws-sdk-go-v2/credentials v1.18.24 h1:iJ2FmPT35EaIB0+kMa6TnQ+PwG5A1prEdAw+PsMzfHg=
github.com/aws/aws-sdk-go-v2/credentials v1.18.24/go.mod h1:U91+DrfjAiXPDEGYhh/x29o4p0qHX5HDqG7y5VViv64=
github.com/aws/aws-sdk-go-v2/feature/ec2/imds v1.18.13 h1:T1brd5dR3/fzNFAQch/iBKeX07/ffu/cLu+q+RuzEWk=
github.com/aws/aws-sdk-go-v2/feature/ec2/imds v1.18.13/go.mod h1:Peg/GBAQ6JDt+RoBf4meB1wylmAipb7Kg2ZFakZTlwk=
github.com/aws/aws-sdk-go-v2/internal/configsources v1.4.16 h1:rgGwPzb82iBYSvHMHXc8h9mRoOUBZIGFgKb9qniaZZc=
github.com/aws/aws-sdk-go-v2/internal/configsources v1.4.16/go.mod h1:L/UxsGeKpGoIj6DxfhOWHWQ/kGKcd4I1VncE4++IyKA=
github.com/aws/aws-sdk-go-v2/internal/endpoints/v2 v2.7.16 h1:1jtGzuV7c82xnqOVfx2F0xmJcOw5374L7N6juGW6x6U=
github.com/aws/aws-sdk-go-v2/internal/endpoints/v2 v2.7.16/go.mod h1:M2E5OQf+XLe+SZGmmpaI2yy+J326aFf6/+54PoxSANc=
github.com/aws/aws-sdk-go-v2/internal/ini v1.8.4 h1:WKuaxf++XKWlHWu9ECbMlha8WOEGm0OUEZqm4K/Gcfk=
github.com/aws/aws-sdk-go-v2/internal/ini v1.8.4/go.mod h1:ZWy7j6v1vWGmPReu0iSGvRiise4YI5SkR3OHKTZ6Wuc=
github.com/aws/aws-sdk-go-v2/internal/v4a v1.4.16 h1:CjMzUs78RDDv4ROu3JnJn/Ig1r6ZD7/T2DXLLRpejic=
github.com/aws/aws-sdk-go-v2/internal/v4a v1.4.16/go.mod h1:uVW4OLBqbJXSHJYA9svT9BluSvvwbzLQ2Crf6UPzR3c=
github.com/aws/aws-sdk-go-v2/service/internal/accept-encoding v1.13.4 h1:0ryTNEdJbzUCEWkVXEXoqlXV72J5keC1GvILMOuD00E=
github.com/aws/aws-sdk-go-v2/service/internal/accept-encoding v1.13.4/go.mod h1:HQ4qwNZh32C3CBeO6iJLQlgtMzqeG17ziAA/3KDJFow=
github.com/aws/aws-sdk-go-v2/service/internal/checksum v1.9.7 h1:DIBqIrJ7hv+e4CmIk2z3pyKT+3B6qVMgRsawHiR3qso=
github.com/aws/aws-sdk-go-v2/service/internal/checksum v1.9.7/go.mod h1:vLm00xmBke75UmpNvOcZQ/Q30ZFjbczeLFqGx5urmGo=
github.com/aws/aws-sdk-go-v2/service/internal/presigned-url v1.13.16 h1:oHjJHeUy0ImIV0bsrX0X91GkV5nJAyv1l1CC9lnO0TI=
github.com/aws/aws-sdk-go-v2/service/internal/presigned-url v1.13.16/go.mod h1:iRSNGgOYmiYwSCXxXaKb9HfOEj40+oTKn8pTxMlYkRM=
github.com/aws/aws-sdk-go-v2/service/internal/s3shared v1.19.16 h1:NSbvS17MlI2lurYgXnCOLvCFX38sBW4eiVER7+kkgsU=
github.com/aws/aws-sdk-go-v2/service/internal/s3shared v1.19.16/go.mod h1:SwT8Tmqd4sA6G1qaGdzWCJN99bUmPGHfRwwq3G5Qb+A=
github.com/aws/aws-sdk-go-v2/service/s3 v1.93.2 h1:U3ygWUhCpiSPYSHOrRhb3gOl9T5Y3kB8k5Vjs//57bE=
github.com/aws/aws-sdk-go-v2/service/s3 v1.93.2/go.mod h1:79S2BdqCJpScXZA2y+cpZuocWsjGjJINyXnOsf5DTz8=
github.com/aws/aws-sdk-go-v2/service/sso v1.30.3 h1:NjShtS1t8r5LUfFVtFeI8xLAHQNTa7UI0VawXlrBMFQ=
github.com/aws/aws-sdk-go-v2/service/sso v1.30.3/go.mod h1:fKvyjJcz63iL/ftA6RaM8sRCtN4r4zl4tjL3qw5ec7k=
github.com/aws/aws-sdk-go-v2/service/ssooidc v1.35.7 h1:gTsnx0xXNQ6SBbymoDvcoRHL+q4l/dAFsQuKfDWSaGc=
github.com/aws/aws-sdk-go-v2/service/ssooidc v1.35.7/go.mod h1:klO+ejMvYsB4QATfEOIXk8WAEwN4N0aBfJpvC+5SZBo=
github.com/aws/aws-sdk-go-v2/service/sts v1.40.2 h1:HK5ON3KmQV2HcAunnx4sKLB9aPf3gKGwVAf7xnx0QT0=
github.com/aws/aws-sdk-go-v2/service/sts v1.40.2/go.mod h1:E19xDjpzPZC7LS2knI9E6BaRFDK43Eul7vd6rSq2HWk=
github.com/aws/smithy-go v1.24.0 h1:LpilSUItNPFr1eY85RYgTIg5eIEPtvFbskaFcmmIUnk=
github.com/aws/smithy-go v1.24.0/go.mod h1:LEj2LM3rBRQJxPZTB4KuzZkaZYnZPnvgIhb4pu07mx0=
github.com/beorn7/perks v1.0.1 h1:VlbKKnNfV8bJzeqoa4cOKqO6bYr3WgKZxO8Z16+hsOM=
github.com/beorn7/perks v1.0.1/go.mod h1:G2ZrVWU2WbWT9wwq4/hrbKbnv/1ERSJQ0ibhJ6rlkpw=
github.com/cespare/xxhash/v2 v2.3.0 h1:UL815xU9SqsFlibzuggzjXhog7bL6oX9BbNZnL2UFvs=
github.com/cespare/xxhash/v2 v2.3.0/go.mod h1:VGX0DQ3Q6kWi7AoAeZDth3/j3BFtOZR5XLFGgcrjCOs=
github.com/containers/image/v5 v5.36.2 h1:GcxYQyAHRF/pLqR4p4RpvKllnNL8mOBn0eZnqJbfTwk=
github.com/containers/image/v5 v5.36.2/go.mod h1:b4GMKH2z/5t6/09utbse2ZiLK/c72GuGLFdp7K69eA4=
github.com/containers/libtrust v0.0.0-20230121012942-c1716e8a8d01 h1:Qzk5C6cYglewc+UyGf6lc8Mj2UaPTHy/iF2De0/77CA=
github.com/containers/libtrust v0.0.0-20230121012942-c1716e8a8d01/go.mod h1:9rfv8iPl1ZP7aqh9YA68wnZv2NUDbXdcdPHVz0pFbPY=
github.com/containers/ocicrypt v1.2.1 h1:0qIOTT9DoYwcKmxSt8QJt+VzMY18onl9jUXsxpVhSmM=
github.com/containers/ocicrypt v1.2.1/go.mod h1:aD0AAqfMp0MtwqWgHM1bUwe1anx0VazI108CRrSKINQ=
github.com/containers/storage v1.59.1 h1:11Zu68MXsEQGBBd+GadPrHPpWeqjKS8hJDGiAHgIqDs=
github.com/containers/storage v1.59.1/go.mod h1:KoAYHnAjP3/cTsRS+mmWZGkufSY2GACiKQ4V3ZLQnR0=
github.com/creack/pty v1.1.9/go.mod h1:oKZEueFk5CKHvIhNR5MUki03XCEU+Q6VDXinZuGJ33E=
github.com/danjacques/gofslock v0.0.0-20240212154529-d899e02bfe22 h1:m+Fkk9QEMuV6Z1ithqqYogOHV7Pl6rMKe34NBTJTS/c=
github.com/danjacques/gofslock v0.0.0-20240212154529-d899e02bfe22/go.mod h1:jXqs4TJbb7Xtl0FwUgBaOXty8edb/61H37U4D9E5EQE=
github.com/davecgh/go-spew v1.1.0/go.mod h1:J7Y8YcW2NihsgmVo/mv3lAwl/skON4iLHjSsI+c5H38=
github.com/davecgh/go-spew v1.1.1/go.mod h1:J7Y8YcW2NihsgmVo/mv3lAwl/skON4iLHjSsI+c5H38=
github.com/davecgh/go-spew v1.1.2-0.20180830191138-d8f796af33cc h1:U9qPSI2PIWSS1VwoXQT9A3Wy9MM3WgvqSxFWenqJduM=
github.com/davecgh/go-spew v1.1.2-0.20180830191138-d8f796af33cc/go.mod h1:J7Y8YcW2NihsgmVo/mv3lAwl/skON4iLHjSsI+c5H38=
github.com/docker/docker v28.5.2+incompatible h1:DBX0Y0zAjZbSrm1uzOkdr1onVghKaftjlSWt4AFexzM=
github.com/docker/docker v28.5.2+incompatible/go.mod h1:eEKB0N0r5NX/I1kEveEz05bcu8tLC/8azJZsviup8Sk=
github.com/docker/go-units v0.5.0 h1:69rxXcBk27SvSaaxTtLh/8llcHD8vYHT7WSdRZ/jvr4=
github.com/docker/go-units v0.5.0/go.mod h1:fgPhTUdO+D/Jk86RDLlptpiXQzgHJF7gydDDbaIK4Dk=
github.com/gboddin/go-www-authenticate-parser v0.0.0-20230926203616-ec0b649bb077 h1:JvEO7eltd2aCHF+ABLquTUziO7hzC6G7H3tgENYkDBc=
github.com/gboddin/go-www-authenticate-parser v0.0.0-20230926203616-ec0b649bb077/go.mod h1:RlYuEjNYq/NkhOCSkZGPKxP3dgZOBH94UwsQraDng8s=
github.com/google/go-cmp v0.7.0 h1:wk8382ETsv4JYUZwIsn6YpYiWiBsYLSJiTsyBybVuN8=
github.com/google/go-cmp v0.7.0/go.mod h1:pXiqmnSA92OHEEa9HXL2W4E7lf9JzCmGVUdgjX3N/iU=
github.com/hashicorp/errwrap v1.0.0/go.mod h1:YH+1FKiLXxHSkmPseP+kNlulaMuP3n2brvKWEqk/Jc4=
github.com/hashicorp/errwrap v1.1.0 h1:OxrOeh75EUXMY8TBjag2fzXGZ40LB6IKw45YeGUDY2I=
github.com/hashicorp/errwrap v1.1.0/go.mod h1:YH+1FKiLXxHSkmPseP+kNlulaMuP3n2brvKWEqk/Jc4=
github.com/hashicorp/go-multierror v1.1.1 h1:H5DkEtf6CXdFp0N0Em5UCwQpXMWke8IA0+lD48awMYo=
github.com/hashicorp/go-multierror v1.1.1/go.mod h1:iw975J/qwKPdAO1clOe2L8331t/9/fmwbPZ6JB6eMoM=
github.com/jessevdk/go-flags v1.6.1 h1:Cvu5U8UGrLay1rZfv/zP7iLpSHGUZ/Ou68T0iX1bBK4=
github.com/jessevdk/go-flags v1.6.1/go.mod h1:Mk8T1hIAWpOiJiHa9rJASDK2UGWji0EuPGBnNLMooyc=
github.com/json-iterator/go v1.1.12 h1:PV8peI4a0ysnczrg+LtxykD8LfKY9ML6u2jnxaEnrnM=
github.com/json-iterator/go v1.1.12/go.mod h1:e30LSqwooZae/UwlEbR2852Gd8hjQvJoHmT4TnhNGBo=
github.com/klauspost/compress v1.18.0 h1:c/Cqfb0r+Yi+JtIEq73FWXVkRonBlf0CRNYc8Zttxdo=
github.com/klauspost/compress v1.18.0/go.mod h1:2Pp+KzxcywXVXMr50+X0Q/Lsb43OQHYWRCY2AiWywWQ=
github.com/klauspost/pgzip v1.2.6 h1:8RXeL5crjEUFnR2/Sn6GJNWtSQ3Dk8pq4CL3jvdDyjU=
github.com/klauspost/pgzip v1.2.6/go.mod h1:Ch1tH69qFZu15pkjo5kYi6mth2Zzwzt50oCQKQE9RUs=
github.com/kr/pretty v0.3.1 h1:flRD4NNwYAUpkphVc1HcthR4KEIFJ65n8Mw5qdRn3LE=
github.com/kr/pretty v0.3.1/go.mod h1:hoEshYVHaxMs3cyo3Yncou5ZscifuDolrwPKZanG3xk=
github.com/kr/text v0.2.0 h1:5Nx0Ya0ZqY2ygV366QzturHI13Jq95ApcVaJBhpS+AY=
github.com/kr/text v0.2.0/go.mod h1:eLer722TekiGuMkidMxC/pM04lWEeraHUUmBw8l2grE=
github.com/moby/sys/capability v0.4.0 h1:4D4mI6KlNtWMCM1Z/K0i7RV1FkX+DBDHKVJpCndZoHk=
github.com/moby/sys/capability v0.4.0/go.mod h1:4g9IK291rVkms3LKCDOoYlnV8xKwoDTpIrNEE35Wq0I=
github.com/moby/sys/mountinfo v0.7.2 h1:1shs6aH5s4o5H2zQLn796ADW1wMrIwHsyJ2v9KouLrg=
github.com/moby/sys/mountinfo v0.7.2/go.mod h1:1YOa8w8Ih7uW0wALDUgT1dTTSBrZ+HiBLGws92L2RU4=
github.com/moby/sys/user v0.4.0 h1:jhcMKit7SA80hivmFJcbB1vqmw//wU61Zdui2eQXuMs=
github.com/moby/sys/user v0.4.0/go.mod h1:bG+tYYYJgaMtRKgEmuueC0hJEAZWwtIbZTB+85uoHjs=
github.com/modern-go/concurrent v0.0.0-20180306012644-bacd9c7ef1dd h1:TRLaZ9cD/w8PVh93nsPXa1VrQ6jlwL5oN8l14QlcNfg=
github.com/modern-go/concurrent v0.0.0-20180306012644-bacd9c7ef1dd/go.mod h1:6dJC0mAP4ikYIbvyc7fijjWJddQyLn8Ig3JB5CqoB9Q=
github.com/modern-go/reflect2 v1.0.2 h1:xBagoLtFs94CBntxluKeaWgTMpvLxC4ur3nMaC9Gz0M=
github.com/modern-go/reflect2 v1.0.2/go.mod h1:yWuevngMOJpCy52FWWMvUC8ws7m/LJsjYzDa0/r8luk=
github.com/munnerz/goautoneg v0.0.0-20191010083416-a7dc8b61c822 h1:C3w9PqII01/Oq1c1nUAm88MOHcQC9l5mIlSMApZMrHA=
github.com/munnerz/goautoneg v0.0.0-20191010083416-a7dc8b61c822/go.mod h1:+n7T8mK8HuQTcFwEeznm/DIxMOiR9yIdICNftLE1DvQ=
github.com/opencontainers/go-digest v1.0.0 h1:apOUWs51W5PlhuyGyz9FCeeBIOUDA/6nW8Oi/yOhh5U=
github.com/opencontainers/go-digest v1.0.0/go.mod h1:0JzlMkj0TRzQZfJkVvzbP0HBR3IKzErnv2BNG4W4MAM=
github.com/opencontainers/image-spec v1.1.1 h1:y0fUlFfIZhPF1W537XOLg0/fcx6zcHCJwooC2xJA040=
github.com/opencontainers/image-spec v1.1.1/go.mod h1:qpqAh3Dmcf36wStyyWU+kCeDgrGnAve2nCC8+7h8Q0M=
github.com/opencontainers/runtime-spec v1.2.1 h1:S4k4ryNgEpxW1dzyqffOmhI1BHYcjzU8lpJfSlR0xww=
github.com/opencontainers/runtime-spec v1.2.1/go.mod h1:jwyrGlmzljRJv/Fgzds9SsS/C5hL+LL3ko9hs6T5lQ0=
github.com/pmezard/go-difflib v1.0.0/go.mod h1:iKH77koFhYxTK1pcRnkKkqfTogsbg7gZNVY4sRDYZ/4=
github.com/pmezard/go-difflib v1.0.1-0.20181226105442-5d4384ee4fb2 h1:Jamvg5psRIccs7FGNTlIRMkT8wgtp5eCXdBlqhYGL6U=
github.com/pmezard/go-difflib v1.0.1-0.20181226105442-5d4384ee4fb2/go.mod h1:iKH77koFhYxTK1pcRnkKkqfTogsbg7gZNVY4sRDYZ/4=
github.com/prometheus/client_golang v1.23.2 h1:Je96obch5RDVy3FDMndoUsjAhG5Edi49h0RJWRi/o0o=
github.com/prometheus/client_golang v1.23.2/go.mod h1:Tb1a6LWHB3/SPIzCoaDXI4I8UHKeFTEQ1YCr+0Gyqmg=
github.com/prometheus/client_model v0.6.2 h1:oBsgwpGs7iVziMvrGhE53c/GrLUsZdHnqNwqPLxwZyk=
github.com/prometheus/client_model v0.6.2/go.mod h1:y3m2F6Gdpfy6Ut/GBsUqTWZqCUvMVzSfMLjcu6wAwpE=
github.com/prometheus/common v0.66.1 h1:h5E0h5/Y8niHc5DlaLlWLArTQI7tMrsfQjHV+d9ZoGs=
github.com/prometheus/common v0.66.1/go.mod h1:gcaUsgf3KfRSwHY4dIMXLPV0K/Wg1oZ8+SbZk/HH/dA=
github.com/prometheus/procfs v0.16.1 h1:hZ15bTNuirocR6u0JZ6BAHHmwS1p8B4P6MRqxtzMyRg=
github.com/prometheus/procfs v0.16.1/go.mod h1:teAbpZRB1iIAJYREa1LsoWUXykVXA1KlTmWl8x/U+Is=
github.com/rogpeppe/go-internal v1.10.0 h1:TMyTOH3F/DB16zRVcYyreMH6GnZZrwQVAoYjRBZyWFQ=
github.com/rogpeppe/go-internal v1.10.0/go.mod h1:UQnix2H7Ngw/k4C5ijL5+65zddjncjaFoBhdsK/akog=
github.com/sirupsen/logrus v1.9.3 h1:dueUQJ1C2q9oE3F7wvmSGAaVtTmUizReu6fjN8uqzbQ=
github.com/sirupsen/logrus v1.9.3/go.mod h1:naHLuLoDiP4jHNo9R0sCBMtWGeIprob74mVsIT4qYEQ=
github.com/stretchr/objx v0.1.0/go.mod h1:HFkY916IF+rwdDfMAkV7OtwuqBVzrE8GR6GFx+wExME=
github.com/stretchr/testify v1.7.0/go.mod h1:6Fq8oRcR53rry900zMqJjRRixrwX3KX962/h/Wwjteg=
github.com/stretchr/testify v1.11.1 h1:7s2iGBzp5EwR7/aIZr8ao5+dra3wiQyKjjFuvgVKu7U=
github.com/stretchr/testify v1.11.1/go.mod h1:wZwfW3scLgRK+23gO65QZefKpKQRnfz6sD981Nm4B6U=
github.com/ulikunitz/xz v0.5.12 h1:37Nm15o69RwBkXM0J6A5OlE67RZTfzUxTj8fB3dfcsc=
github.com/ulikunitz/xz v0.5.12/go.mod h1:nbz6k7qbPmH4IRqmfOplQw/tblSgqTqBwxkY0oWt/14=
github.com/vbatts/tar-split v0.12.1 h1:CqKoORW7BUWBe7UL/iqTVvkTBOF8UvOMKOIZykxnnbo=
github.com/vbatts/tar-split v0.12.1/go.mod h1:eF6B6i6ftWQcDqEn3/iGFRFRo8cBIMSJVOpnNdfTMFA=
go.uber.org/goleak v1.3.0 h1:2K3zAYmnTNqV73imy9J1T3WC+gmCePx2hEGkimedGto=
go.uber.org/goleak v1.3.0/go.mod h1:CoHD4mav9JJNrW/WLlf7HGZPjdw8EucARQHekz1X6bE=
go.yaml.in/yaml/v2 v2.4.2 h1:DzmwEr2rDGHl7lsFgAHxmNz/1NlQ7xLIrlN2h5d1eGI=
go.yaml.in/yaml/v2 v2.4.2/go.mod h1:081UH+NErpNdqlCXm3TtEran0rJZGxAYx9hb/ELlsPU=
golang.org/x/crypto v0.45.0 h1:jMBrvKuj23MTlT0bQEOBcAE0mjg8mK9RXFhRH6nyF3Q=
golang.org/x/crypto v0.45.0/go.mod h1:XTGrrkGJve7CYK7J8PEww4aY7gM3qMCElcJQ8n8JdX4=
golang.org/x/sys v0.0.0-20220715151400-c0bba94af5f8/go.mod h1:oPkhp1MJrh7nUepCBck5+mAzfO9JrbApNNgaTdGDITg=
golang.org/x/sys v0.1.0/go.mod h1:oPkhp1MJrh7nUepCBck5+mAzfO9JrbApNNgaTdGDITg=
golang.org/x/sys v0.38.0 h1:3yZWxaJjBmCWXqhN1qh02AkOnCQ1poK6oF+a7xWL6Gc=
golang.org/x/sys v0.38.0/go.mod h1:OgkHotnGiDImocRcuBABYBEXf8A9a87e/uXjp9XT3ks=
google.golang.org/protobuf v1.36.8 h1:xHScyCOEuuwZEc6UtSOvPbAT4zRh0xcNRYekJwfqyMc=
google.golang.org/protobuf v1.36.8/go.mod h1:fuxRtAxBytpl4zzqUh6/eyUujkJdNiuEkXntxiD/uRU=
gopkg.in/check.v1 v0.0.0-20161208181325-20d25e280405/go.mod h1:Co6ibVJAznAaIkqp8huTwlJQCZ016jof/cbN4VW5Yz0=
gopkg.in/check.v1 v1.0.0-20201130134442-10cb98267c6c h1:Hei/4ADfdWqJk1ZMxUNpqntNwaWcugrBjAiHlqqRiVk=
gopkg.in/check.v1 v1.0.0-20201130134442-10cb98267c6c/go.mod h1:JHkPIbrfpd72SG/EVd6muEfDQjcINNoR0C8j2r3qZ4Q=
gopkg.in/yaml.v3 v3.0.0-20200313102051-9f266ea9e77c/go.mod h1:K4uyk7z7BCEPqu6E+C64Yfv1cQ7kz7rIZviUmN+EgEM=
gopkg.in/yaml.v3 v3.0.1 h1:fxVm/GzAzEWqLHuvctI91KS9hhNmmWOoWu0XTYJS7CA=
gopkg.in/yaml.v3 v3.0.1/go.mod h1:K4uyk7z7BCEPqu6E+C64Yfv1cQ7kz7rIZviUmN+EgEM=
software.sslmate.com/src/go-pkcs12 v0.6.0 h1:f3sQittAeF+pao32Vb+mkli+ZyT+VwKaD014qFGq6oU=
software.sslmate.com/src/go-pkcs12 v0.6.0/go.mod h1:Qiz0EyvDRJjjxGyUQa2cCNZn/wMyzrRJ/qcDXOQazLI=
